
Microsoft Visual Studio Solution File, Format Version 12.00
# Visual Studio Version 18
VisualStudioVersion = 18.0.11217.181 d18.0
MinimumVisualStudioVersion = 10.0.40219.1
Project("{2150E333-8FDC-42A3-9474-1A3956D46DE8}") = "SAM_Revit_UI", "SAM_Revit_UI", "{4FDEDAD6-FCEC-4426-9A3B-086BF3C99CC0}"
EndProject
Project("{9A19103F-16F7-4668-BE54-9A1E7A4F7556}") = "SAM.Analytical.Revit", "..\SAM_Revit\SAM_Revit\SAM.Analytical.Revit\SAM.Analytical.Revit.csproj", "{7A976EE2-6C1E-4165-8B29-AFD946220556}"
EndProject
Project("{9A19103F-16F7-4668-BE54-9A1E7A4F7556}") = "SAM.Architectural.Revit", "..\SAM_Revit\SAM_Revit\SAM.Architectural.Revit\SAM.Architectural.Revit.csproj", "{DCE3C7BC-9EFE-449C-B6FF-375886082A4C}"
EndProject
Project("{9A19103F-16F7-4668-BE54-9A1E7A4F7556}") = "SAM.Core.Revit", "..\SAM_Revit\SAM_Revit\SAM.Core.Revit\SAM.Core.Revit.csproj", "{7875201B-420B-42D1-9F8F-0F7BDEDB8DA2}"
EndProject
Project("{9A19103F-16F7-4668-BE54-9A1E7A4F7556}") = "SAM.Geometry.Revit", "..\SAM_Revit\SAM_Revit\SAM.Geometry.Revit\SAM.Geometry.Revit.csproj", "{33206E35-BC18-4EA3-9FB4-3473EF99F3BE}"
EndProject
Project("{9A19103F-16F7-4668-BE54-9A1E7A4F7556}") = "SAM.Units.Revit", "..\SAM_Revit\SAM_Revit\SAM.Units.Revit\SAM.Units.Revit.csproj", "{44356AA4-67FE-4C4F-BF7D-8404CA7BCEE1}"
EndProject
Project("{9A19103F-16F7-4668-BE54-9A1E7A4F7556}") = "SAM.Analytical.Revit.UI", "SAM_Revit_UI\SAM.Analytical.Revit.UI\SAM.Analytical.Revit.UI.csproj", "{012FC1DD-ACCD-4555-A1F3-AE3A60ECE500}"
EndProject
Project("{9A19103F-16F7-4668-BE54-9A1E7A4F7556}") = "SAM.Core.Revit.UI", "SAM_Revit_UI\SAM.Core.Revit.UI\SAM.Core.Revit.UI.csproj", "{1DD884EB-0416-4DC3-88ED-5464ABC49BB3}"
EndProject
Project("{FAE04EC0-301F-11D3-BF4B-00C04F79EFBC}") = "SAM.Revit.UI", "SAM_Revit_UI\SAM.Revit.UI\SAM.Revit.UI.csproj", "{479E32FB-320E-4E56-9A4F-F63A7B1C965C}"
EndProject
Project("{2150E333-8FDC-42A3-9474-1A3956D46DE8}") = "Solution Items", "Solution Items", "{28E3F04D-77ED-4101-A975-F172F2D3F368}"
	ProjectSection(SolutionItems) = preProject
		.editorconfig = .editorconfig
	EndProjectSection
EndProject
Global
	GlobalSection(SolutionConfigurationPlatforms) = preSolution
		Debug|Any CPU = Debug|Any CPU
		Debug2025|Any CPU = Debug2025|Any CPU
		Debug2026|Any CPU = Debug2026|Any CPU
		Debug2027|Any CPU = Debug2027|Any CPU
		Release|Any CPU = Release|Any CPU
		Release2025|Any CPU = Release2025|Any CPU
		Release2026|Any CPU = Release2026|Any CPU
		Release2027|Any CPU = Release2027|Any CPU
	EndGlobalSection
	GlobalSection(ProjectConfigurationPlatforms) = postSolution
		{7A976EE2-6C1E-4165-8B29-AFD946220556}.Debug|Any CPU.ActiveCfg = Debug|Any CPU
		{7A976EE2-6C1E-4165-8B29-AFD946220556}.Debug|Any CPU.Build.0 = Debug|Any CPU
		{7A976EE2-6C1E-4165-8B29-AFD946220556}.Debug2025|Any CPU.ActiveCfg = Debug2025|Any CPU
		{7A976EE2-6C1E-4165-8B29-AFD946220556}.Debug2025|Any CPU.Build.0 = Debug2025|Any CPU
		{7A976EE2-6C1E-4165-8B29-AFD946220556}.Debug2026|Any CPU.ActiveCfg = Debug2026|Any CPU
		{7A976EE2-6C1E-4165-8B29-AFD946220556}.Debug2027|Any CPU.ActiveCfg = Debug2027|Any CPU
		{7A976EE2-6C1E-4165-8B29-AFD946220556}.Debug2026|Any CPU.Build.0 = Debug2026|Any CPU
		{7A976EE2-6C1E-4165-8B29-AFD946220556}.Debug2027|Any CPU.Build.0 = Debug2027|Any CPU
		{7A976EE2-6C1E-4165-8B29-AFD946220556}.Release|Any CPU.ActiveCfg = Release|Any CPU
		{7A976EE2-6C1E-4165-8B29-AFD946220556}.Release|Any CPU.Build.0 = Release|Any CPU
		{7A976EE2-6C1E-4165-8B29-AFD946220556}.Release2025|Any CPU.ActiveCfg = Release2025|Any CPU
		{7A976EE2-6C1E-4165-8B29-AFD946220556}.Release2025|Any CPU.Build.0 = Release2025|Any CPU
		{7A976EE2-6C1E-4165-8B29-AFD946220556}.Release2026|Any CPU.ActiveCfg = Release2026|Any CPU
		{7A976EE2-6C1E-4165-8B29-AFD946220556}.Release2027|Any CPU.ActiveCfg = Release2027|Any CPU
		{7A976EE2-6C1E-4165-8B29-AFD946220556}.Release2026|Any CPU.Build.0 = Release2026|Any CPU
		{7A976EE2-6C1E-4165-8B29-AFD946220556}.Release2027|Any CPU.Build.0 = Release2027|Any CPU
		{DCE3C7BC-9EFE-449C-B6FF-375886082A4C}.Debug|Any CPU.ActiveCfg = Debug|Any CPU
		{DCE3C7BC-9EFE-449C-B6FF-375886082A4C}.Debug|Any CPU.Build.0 = Debug|Any CPU
		{DCE3C7BC-9EFE-449C-B6FF-375886082A4C}.Debug2025|Any CPU.ActiveCfg = Debug2025|Any CPU
		{DCE3C7BC-9EFE-449C-B6FF-375886082A4C}.Debug2025|Any CPU.Build.0 = Debug2025|Any CPU
		{DCE3C7BC-9EFE-449C-B6FF-375886082A4C}.Debug2026|Any CPU.ActiveCfg = Debug2026|Any CPU
		{DCE3C7BC-9EFE-449C-B6FF-375886082A4C}.Debug2027|Any CPU.ActiveCfg = Debug2027|Any CPU
		{DCE3C7BC-9EFE-449C-B6FF-375886082A4C}.Debug2026|Any CPU.Build.0 = Debug2026|Any CPU
		{DCE3C7BC-9EFE-449C-B6FF-375886082A4C}.Debug2027|Any CPU.Build.0 = Debug2027|Any CPU
		{DCE3C7BC-9EFE-449C-B6FF-375886082A4C}.Release|Any CPU.ActiveCfg = Release|Any CPU
		{DCE3C7BC-9EFE-449C-B6FF-375886082A4C}.Release|Any CPU.Build.0 = Release|Any CPU
		{DCE3C7BC-9EFE-449C-B6FF-375886082A4C}.Release2025|Any CPU.ActiveCfg = Release2025|Any CPU
		{DCE3C7BC-9EFE-449C-B6FF-375886082A4C}.Release2025|Any CPU.Build.0 = Release2025|Any CPU
		{DCE3C7BC-9EFE-449C-B6FF-375886082A4C}.Release2026|Any CPU.ActiveCfg = Release2026|Any CPU
		{DCE3C7BC-9EFE-449C-B6FF-375886082A4C}.Release2027|Any CPU.ActiveCfg = Release2027|Any CPU
		{DCE3C7BC-9EFE-449C-B6FF-375886082A4C}.Release2026|Any CPU.Build.0 = Release2026|Any CPU
		{DCE3C7BC-9EFE-449C-B6FF-375886082A4C}.Release2027|Any CPU.Build.0 = Release2027|Any CPU
		{7875201B-420B-42D1-9F8F-0F7BDEDB8DA2}.Debug|Any CPU.ActiveCfg = Debug|Any CPU
		{7875201B-420B-42D1-9F8F-0F7BDEDB8DA2}.Debug|Any CPU.Build.0 = Debug|Any CPU
		{7875201B-420B-42D1-9F8F-0F7BDEDB8DA2}.Debug2025|Any CPU.ActiveCfg = Debug2025|Any CPU
		{7875201B-420B-42D1-9F8F-0F7BDEDB8DA2}.Debug2025|Any CPU.Build.0 = Debug2025|Any CPU
		{7875201B-420B-42D1-9F8F-0F7BDEDB8DA2}.Debug2026|Any CPU.ActiveCfg = Debug2026|Any CPU
		{7875201B-420B-42D1-9F8F-0F7BDEDB8DA2}.Debug2027|Any CPU.ActiveCfg = Debug2027|Any CPU
		{7875201B-420B-42D1-9F8F-0F7BDEDB8DA2}.Debug2026|Any CPU.Build.0 = Debug2026|Any CPU
		{7875201B-420B-42D1-9F8F-0F7BDEDB8DA2}.Debug2027|Any CPU.Build.0 = Debug2027|Any CPU
		{7875201B-420B-42D1-9F8F-0F7BDEDB8DA2}.Release|Any CPU.ActiveCfg = Release|Any CPU
		{7875201B-420B-42D1-9F8F-0F7BDEDB8DA2}.Release|Any CPU.Build.0 = Release|Any CPU
		{7875201B-420B-42D1-9F8F-0F7BDEDB8DA2}.Release2025|Any CPU.ActiveCfg = Release2025|Any CPU
		{7875201B-420B-42D1-9F8F-0F7BDEDB8DA2}.Release2025|Any CPU.Build.0 = Release2025|Any CPU
		{7875201B-420B-42D1-9F8F-0F7BDEDB8DA2}.Release2026|Any CPU.ActiveCfg = Release2026|Any CPU
		{7875201B-420B-42D1-9F8F-0F7BDEDB8DA2}.Release2027|Any CPU.ActiveCfg = Release2027|Any CPU
		{7875201B-420B-42D1-9F8F-0F7BDEDB8DA2}.Release2026|Any CPU.Build.0 = Release2026|Any CPU
		{7875201B-420B-42D1-9F8F-0F7BDEDB8DA2}.Release2027|Any CPU.Build.0 = Release2027|Any CPU
		{33206E35-BC18-4EA3-9FB4-3473EF99F3BE}.Debug|Any CPU.ActiveCfg = Debug|Any CPU
		{33206E35-BC18-4EA3-9FB4-3473EF99F3BE}.Debug|Any CPU.Build.0 = Debug|Any CPU
		{33206E35-BC18-4EA3-9FB4-3473EF99F3BE}.Debug2025|Any CPU.ActiveCfg = Debug2025|Any CPU
		{33206E35-BC18-4EA3-9FB4-3473EF99F3BE}.Debug2025|Any CPU.Build.0 = Debug2025|Any CPU
		{33206E35-BC18-4EA3-9FB4-3473EF99F3BE}.Debug2026|Any CPU.ActiveCfg = Debug2026|Any CPU
		{33206E35-BC18-4EA3-9FB4-3473EF99F3BE}.Debug2027|Any CPU.ActiveCfg = Debug2027|Any CPU
		{33206E35-BC18-4EA3-9FB4-3473EF99F3BE}.Debug2026|Any CPU.Build.0 = Debug2026|Any CPU
		{33206E35-BC18-4EA3-9FB4-3473EF99F3BE}.Debug2027|Any CPU.Build.0 = Debug2027|Any CPU
		{33206E35-BC18-4EA3-9FB4-3473EF99F3BE}.Release|Any CPU.ActiveCfg = Release|Any CPU
		{33206E35-BC18-4EA3-9FB4-3473EF99F3BE}.Release|Any CPU.Build.0 = Release|Any CPU
		{33206E35-BC18-4EA3-9FB4-3473EF99F3BE}.Release2025|Any CPU.ActiveCfg = Release2025|Any CPU
		{33206E35-BC18-4EA3-9FB4-3473EF99F3BE}.Release2025|Any CPU.Build.0 = Release2025|Any CPU
		{33206E35-BC18-4EA3-9FB4-3473EF99F3BE}.Release2026|Any CPU.ActiveCfg = Release2026|Any CPU
		{33206E35-BC18-4EA3-9FB4-3473EF99F3BE}.Release2027|Any CPU.ActiveCfg = Release2027|Any CPU
		{33206E35-BC18-4EA3-9FB4-3473EF99F3BE}.Release2026|Any CPU.Build.0 = Release2026|Any CPU
		{33206E35-BC18-4EA3-9FB4-3473EF99F3BE}.Release2027|Any CPU.Build.0 = Release2027|Any CPU
		{44356AA4-67FE-4C4F-BF7D-8404CA7BCEE1}.Debug|Any CPU.ActiveCfg = Debug|Any CPU
		{44356AA4-67FE-4C4F-BF7D-8404CA7BCEE1}.Debug|Any CPU.Build.0 = Debug|Any CPU
		{44356AA4-67FE-4C4F-BF7D-8404CA7BCEE1}.Debug2025|Any CPU.ActiveCfg = Debug2025|Any CPU
		{44356AA4-67FE-4C4F-BF7D-8404CA7BCEE1}.Debug2025|Any CPU.Build.0 = Debug2025|Any CPU
		{44356AA4-67FE-4C4F-BF7D-8404CA7BCEE1}.Debug2026|Any CPU.ActiveCfg = Debug2026|Any CPU
		{44356AA4-67FE-4C4F-BF7D-8404CA7BCEE1}.Debug2027|Any CPU.ActiveCfg = Debug2027|Any CPU
		{44356AA4-67FE-4C4F-BF7D-8404CA7BCEE1}.Debug2026|Any CPU.Build.0 = Debug2026|Any CPU
		{44356AA4-67FE-4C4F-BF7D-8404CA7BCEE1}.Debug2027|Any CPU.Build.0 = Debug2027|Any CPU
		{44356AA4-67FE-4C4F-BF7D-8404CA7BCEE1}.Release|Any CPU.ActiveCfg = Release|Any CPU
		{44356AA4-67FE-4C4F-BF7D-8404CA7BCEE1}.Release|Any CPU.Build.0 = Release|Any CPU
		{44356AA4-67FE-4C4F-BF7D-8404CA7BCEE1}.Release2025|Any CPU.ActiveCfg = Release2025|Any CPU
		{44356AA4-67FE-4C4F-BF7D-8404CA7BCEE1}.Release2025|Any CPU.Build.0 = Release2025|Any CPU
		{44356AA4-67FE-4C4F-BF7D-8404CA7BCEE1}.Release2026|Any CPU.ActiveCfg = Release2026|Any CPU
		{44356AA4-67FE-4C4F-BF7D-8404CA7BCEE1}.Release2027|Any CPU.ActiveCfg = Release2027|Any CPU
		{44356AA4-67FE-4C4F-BF7D-8404CA7BCEE1}.Release2026|Any CPU.Build.0 = Release2026|Any CPU
		{44356AA4-67FE-4C4F-BF7D-8404CA7BCEE1}.Release2027|Any CPU.Build.0 = Release2027|Any CPU
		{012FC1DD-ACCD-4555-A1F3-AE3A60ECE500}.Debug|Any CPU.ActiveCfg = Debug|Any CPU
		{012FC1DD-ACCD-4555-A1F3-AE3A60ECE500}.Debug|Any CPU.Build.0 = Debug|Any CPU
		{012FC1DD-ACCD-4555-A1F3-AE3A60ECE500}.Debug2025|Any CPU.ActiveCfg = Debug2025|Any CPU
		{012FC1DD-ACCD-4555-A1F3-AE3A60ECE500}.Debug2025|Any CPU.Build.0 = Debug2025|Any CPU
		{012FC1DD-ACCD-4555-A1F3-AE3A60ECE500}.Debug2026|Any CPU.ActiveCfg = Debug2026|Any CPU
		{012FC1DD-ACCD-4555-A1F3-AE3A60ECE500}.Debug2027|Any CPU.ActiveCfg = Debug2027|Any CPU
		{012FC1DD-ACCD-4555-A1F3-AE3A60ECE500}.Debug2026|Any CPU.Build.0 = Debug2026|Any CPU
		{012FC1DD-ACCD-4555-A1F3-AE3A60ECE500}.Debug2027|Any CPU.Build.0 = Debug2027|Any CPU
		{012FC1DD-ACCD-4555-A1F3-AE3A60ECE500}.Release|Any CPU.ActiveCfg = Release|Any CPU
		{012FC1DD-ACCD-4555-A1F3-AE3A60ECE500}.Release|Any CPU.Build.0 = Release|Any CPU
		{012FC1DD-ACCD-4555-A1F3-AE3A60ECE500}.Release2025|Any CPU.ActiveCfg = Release2025|Any CPU
		{012FC1DD-ACCD-4555-A1F3-AE3A60ECE500}.Release2025|Any CPU.Build.0 = Release2025|Any CPU
		{012FC1DD-ACCD-4555-A1F3-AE3A60ECE500}.Release2026|Any CPU.ActiveCfg = Release2026|Any CPU
		{012FC1DD-ACCD-4555-A1F3-AE3A60ECE500}.Release2027|Any CPU.ActiveCfg = Release2027|Any CPU
		{012FC1DD-ACCD-4555-A1F3-AE3A60ECE500}.Release2026|Any CPU.Build.0 = Release2026|Any CPU
		{012FC1DD-ACCD-4555-A1F3-AE3A60ECE500}.Release2027|Any CPU.Build.0 = Release2027|Any CPU
		{1DD884EB-0416-4DC3-88ED-5464ABC49BB3}.Debug|Any CPU.ActiveCfg = Debug|Any CPU
		{1DD884EB-0416-4DC3-88ED-5464ABC49BB3}.Debug|Any CPU.Build.0 = Debug|Any CPU
		{1DD884EB-0416-4DC3-88ED-5464ABC49BB3}.Debug2025|Any CPU.ActiveCfg = Debug2025|Any CPU
		{1DD884EB-0416-4DC3-88ED-5464ABC49BB3}.Debug2025|Any CPU.Build.0 = Debug2025|Any CPU
		{1DD884EB-0416-4DC3-88ED-5464ABC49BB3}.Debug2026|Any CPU.ActiveCfg = Debug2026|Any CPU
		{1DD884EB-0416-4DC3-88ED-5464ABC49BB3}.Debug2027|Any CPU.ActiveCfg = Debug2027|Any CPU
		{1DD884EB-0416-4DC3-88ED-5464ABC49BB3}.Debug2026|Any CPU.Build.0 = Debug2026|Any CPU
		{1DD884EB-0416-4DC3-88ED-5464ABC49BB3}.Debug2027|Any CPU.Build.0 = Debug2027|Any CPU
		{1DD884EB-0416-4DC3-88ED-5464ABC49BB3}.Release|Any CPU.ActiveCfg = Release|Any CPU
		{1DD884EB-0416-4DC3-88ED-5464ABC49BB3}.Release|Any CPU.Build.0 = Release|Any CPU
		{1DD884EB-0416-4DC3-88ED-5464ABC49BB3}.Release2025|Any CPU.ActiveCfg = Release2025|Any CPU
		{1DD884EB-0416-4DC3-88ED-5464ABC49BB3}.Release2025|Any CPU.Build.0 = Release2025|Any CPU
		{1DD884EB-0416-4DC3-88ED-5464ABC49BB3}.Release2026|Any CPU.ActiveCfg = Release2026|Any CPU
		{1DD884EB-0416-4DC3-88ED-5464ABC49BB3}.Release2027|Any CPU.ActiveCfg = Release2027|Any CPU
		{1DD884EB-0416-4DC3-88ED-5464ABC49BB3}.Release2026|Any CPU.Build.0 = Release2026|Any CPU
		{1DD884EB-0416-4DC3-88ED-5464ABC49BB3}.Release2027|Any CPU.Build.0 = Release2027|Any CPU
		{479E32FB-320E-4E56-9A4F-F63A7B1C965C}.Debug|Any CPU.ActiveCfg = Debug|Any CPU
		{479E32FB-320E-4E56-9A4F-F63A7B1C965C}.Debug|Any CPU.Build.0 = Debug|Any CPU
		{479E32FB-320E-4E56-9A4F-F63A7B1C965C}.Debug2025|Any CPU.ActiveCfg = Debug2025|Any CPU
		{479E32FB-320E-4E56-9A4F-F63A7B1C965C}.Debug2025|Any CPU.Build.0 = Debug2025|Any CPU
		{479E32FB-320E-4E56-9A4F-F63A7B1C965C}.Debug2026|Any CPU.ActiveCfg = Debug2026|Any CPU
		{479E32FB-320E-4E56-9A4F-F63A7B1C965C}.Debug2027|Any CPU.ActiveCfg = Debug2027|Any CPU
		{479E32FB-320E-4E56-9A4F-F63A7B1C965C}.Debug2026|Any CPU.Build.0 = Debug2026|Any CPU
		{479E32FB-320E-4E56-9A4F-F63A7B1C965C}.Debug2027|Any CPU.Build.0 = Debug2027|Any CPU
		{479E32FB-320E-4E56-9A4F-F63A7B1C965C}.Release|Any CPU.ActiveCfg = Release|Any CPU
		{479E32FB-320E-4E56-9A4F-F63A7B1C965C}.Release|Any CPU.Build.0 = Release|Any CPU
		{479E32FB-320E-4E56-9A4F-F63A7B1C965C}.Release2025|Any CPU.ActiveCfg = Release2025|Any CPU
		{479E32FB-320E-4E56-9A4F-F63A7B1C965C}.Release2025|Any CPU.Build.0 = Release2025|Any CPU
		{479E32FB-320E-4E56-9A4F-F63A7B1C965C}.Release2026|Any CPU.ActiveCfg = Release2026|Any CPU
		{479E32FB-320E-4E56-9A4F-F63A7B1C965C}.Release2027|Any CPU.ActiveCfg = Release2027|Any CPU
		{479E32FB-320E-4E56-9A4F-F63A7B1C965C}.Release2026|Any CPU.Build.0 = Release2026|Any CPU
		{479E32FB-320E-4E56-9A4F-F63A7B1C965C}.Release2027|Any CPU.Build.0 = Release2027|Any CPU
	EndGlobalSection
	GlobalSection(SolutionProperties) = preSolution
		HideSolutionNode = FALSE
	EndGlobalSection
	GlobalSection(NestedProjects) = preSolution
		{012FC1DD-ACCD-4555-A1F3-AE3A60ECE500} = {4FDEDAD6-FCEC-4426-9A3B-086BF3C99CC0}
		{1DD884EB-0416-4DC3-88ED-5464ABC49BB3} = {4FDEDAD6-FCEC-4426-9A3B-086BF3C99CC0}
		{479E32FB-320E-4E56-9A4F-F63A7B1C965C} = {4FDEDAD6-FCEC-4426-9A3B-086BF3C99CC0}
	EndGlobalSection
	GlobalSection(ExtensibilityGlobals) = postSolution
		SolutionGuid = {4E0308FF-C8D5-4700-951A-859CB9D4FD09}
	EndGlobalSection
EndGlobal
